
Microsoft Visual Studio Solution File, Format Version 12.00
# Visual Studio Version 16
VisualStudioVersion = 16.0.29613.14
MinimumVisualStudioVersion = 10.0.40219.1
Project("{FAE04EC0-301F-11D3-BF4B-00C04F79EFBC}") = "NetworkAdapterDisableEnable", "NetworkAdapterDisableEnable\NetworkAdapterDisableEnable.csproj", "{EB7E2002-7C2F-436E-80F5-F6AAEF363666}"
EndProject
Global
	GlobalSection(SolutionConfigurationPlatforms) = preSolution
		Debug|Any CPU = Debug|Any CPU
		Release|Any CPU = Release|Any CPU
	EndGlobalSection
	GlobalSection(ProjectConfigurationPlatforms) = postSolution
		{EB7E2002-7C2F-436E-80F5-F6AAEF363666}.Debug|Any CPU.ActiveCfg = Debug|Any CPU
		{EB7E2002-7C2F-436E-80F5-F6AAEF363666}.Debug|Any CPU.Build.0 = Debug|Any CPU
		{EB7E2002-7C2F-436E-80F5-F6AAEF363666}.Release|Any CPU.ActiveCfg = Release|Any CPU
		{EB7E2002-7C2F-436E-80F5-F6AAEF363666}.Release|Any CPU.Build.0 = Release|Any CPU
	EndGlobalSection
	GlobalSection(SolutionProperties) = preSolution
		HideSolutionNode = FALSE
	EndGlobalSection
	GlobalSection(ExtensibilityGlobals) = postSolution
		SolutionGuid = {FCCC75C5-9B32-494E-B39B-D9A5274492A0}
	EndGlobalSection
EndGlobal
